# This file is automatically @generated by Cargo.
# It is not intended for manual editing.
version = 3

[[package]]
name = "bitfrob"
version = "0.2.3"
source = "registry+https://github.com/rust-lang/crates.io-index"
checksum = "fb18fff2e974c4b95a45f47398bb6ed5b040ccdaac9d41ed045d33dbe960f75f"

[[package]]
name = "furry-emblem"
version = "0.1.0"
dependencies = [
 "gba",
 "voladdress",
]

[[package]]
name = "gba"
version = "0.10.0"
source = "registry+https://github.com/rust-lang/crates.io-index"
checksum = "934d03c951e6bc8dd68547431a59c03e58652cde0073d3cb89610c02a13746c8"
dependencies = [
 "bitfrob",
 "voladdress",
]

[[package]]
name = "voladdress"
version = "1.2.2"
source = "registry+https://github.com/rust-lang/crates.io-index"
checksum = "576fbc7b03f545c62d59d1c27e64d924f1c6e533960fe4f2d6dc653aa1867784"
